// !$*UTF8*$!
{
	archiveVersion = 1;
	classes = {
	};
	objectVersion = 46;
	objects = {

/* Begin PBXBuildFile section */
		9D39BB324CD1429299BB9AD3 /* libPods.a in Frameworks */ = {isa = PBXBuildFile; fileRef = AFC9A25BD02B448DA146D17A /* libPods.a */; };
		BB2A8EF918F46E49008778E7 /* ProfileController.m in Sources */ = {isa = PBXBuildFile; fileRef = BB2A8EF718F46E49008778E7 /* ProfileController.m */; };
		BB2A8EFA18F46E49008778E7 /* ProfileController.xib in Resources */ = {isa = PBXBuildFile; fileRef = BB2A8EF818F46E49008778E7 /* ProfileController.xib */; };
		BB8700C418E8A957005A0623 /* Foundation.framework in Frameworks */ = {isa = PBXBuildFile; fileRef = BB8700C318E8A957005A0623 /* Foundation.framework */; };
		BB8700C618E8A957005A0623 /* CoreGraphics.framework in Frameworks */ = {isa = PBXBuildFile; fileRef = BB8700C518E8A957005A0623 /* CoreGraphics.framework */; };
		BB8700C818E8A957005A0623 /* UIKit.framework in Frameworks */ = {isa = PBXBuildFile; fileRef = BB8700C718E8A957005A0623 /* UIKit.framework */; };
		BB8700CE18E8A957005A0623 /* InfoPlist.strings in Resources */ = {isa = PBXBuildFile; fileRef = BB8700CC18E8A957005A0623 /* InfoPlist.strings */; };
		BB8700D018E8A957005A0623 /* main.m in Sources */ = {isa = PBXBuildFile; fileRef = BB8700CF18E8A957005A0623 /* main.m */; };
		BB8700D418E8A957005A0623 /* AppDelegate.m in Sources */ = {isa = PBXBuildFile; fileRef = BB8700D318E8A957005A0623 /* AppDelegate.m */; };
		BB8700D618E8A957005A0623 /* Images.xcassets in Resources */ = {isa = PBXBuildFile; fileRef = BB8700D518E8A957005A0623 /* Images.xcassets */; };
		BB8700DD18E8A957005A0623 /* XCTest.framework in Frameworks */ = {isa = PBXBuildFile; fileRef = BB8700DC18E8A957005A0623 /* XCTest.framework */; };
		BB8700DE18E8A957005A0623 /* Foundation.framework in Frameworks */ = {isa = PBXBuildFile; fileRef = BB8700C318E8A957005A0623 /* Foundation.framework */; };
		BB8700DF18E8A957005A0623 /* UIKit.framework in Frameworks */ = {isa = PBXBuildFile; fileRef = BB8700C718E8A957005A0623 /* UIKit.framework */; };
		BB8700E718E8A957005A0623 /* InfoPlist.strings in Resources */ = {isa = PBXBuildFile; fileRef = BB8700E518E8A957005A0623 /* InfoPlist.strings */; };
		BB8700E918E8A957005A0623 /* twitterTests.m in Sources */ = {isa = PBXBuildFile; fileRef = BB8700E818E8A957005A0623 /* twitterTests.m */; };
		BB8700F518E8AA1B005A0623 /* TweetsViewController.m in Sources */ = {isa = PBXBuildFile; fileRef = BB8700F318E8AA1B005A0623 /* TweetsViewController.m */; };
		BB8700F618E8AA1B005A0623 /* TweetsViewController.xib in Resources */ = {isa = PBXBuildFile; fileRef = BB8700F418E8AA1B005A0623 /* TweetsViewController.xib */; };
		BB8700FB18E8ACCB005A0623 /* TweetViewController.m in Sources */ = {isa = PBXBuildFile; fileRef = BB8700F918E8ACCB005A0623 /* TweetViewController.m */; };
		BB8700FC18E8ACCB005A0623 /* TweetViewController.xib in Resources */ = {isa = PBXBuildFile; fileRef = BB8700FA18E8ACCB005A0623 /* TweetViewController.xib */; };
		BB87010018E8ACE6005A0623 /* ComposeTweetViewController.m in Sources */ = {isa = PBXBuildFile; fileRef = BB8700FE18E8ACE6005A0623 /* ComposeTweetViewController.m */; };
		BB87010118E8ACE6005A0623 /* ComposeTweetViewController.xib in Resources */ = {isa = PBXBuildFile; fileRef = BB8700FF18E8ACE6005A0623 /* ComposeTweetViewController.xib */; };
		BB988FC118F1DBB500614513 /* HamburgerMenuViewController.m in Sources */ = {isa = PBXBuildFile; fileRef = BB988FBF18F1DBB500614513 /* HamburgerMenuViewController.m */; };
		BB988FC218F1DBB500614513 /* HamburgerMenuViewController.xib in Resources */ = {isa = PBXBuildFile; fileRef = BB988FC018F1DBB500614513 /* HamburgerMenuViewController.xib */; };
		BB988FC618F1EE0300614513 /* ProfileViewController.m in Sources */ = {isa = PBXBuildFile; fileRef = BB988FC418F1EE0300614513 /* ProfileViewController.m */; };
		BB988FC718F1EE0300614513 /* ProfileViewController.xib in Resources */ = {isa = PBXBuildFile; fileRef = BB988FC518F1EE0300614513 /* ProfileViewController.xib */; };
		BBFCC16518EA02FE00705618 /* TwitterClient.m in Sources */ = {isa = PBXBuildFile; fileRef = BBFCC16418EA02FE00705618 /* TwitterClient.m */; };
		BBFCC16918EA037200705618 /* LoginViewController.m in Sources */ = {isa = PBXBuildFile; fileRef = BBFCC16718EA037200705618 /* LoginViewController.m */; };
		BBFCC16A18EA037200705618 /* LoginViewController.xib in Resources */ = {isa = PBXBuildFile; fileRef = BBFCC16818EA037200705618 /* LoginViewController.xib */; };
		BBFCC16E18EA1C4300705618 /* User.m in Sources */ = {isa = PBXBuildFile; fileRef = BBFCC16D18EA1C4300705618 /* User.m */; };
		BBFCC17118EA2DEB00705618 /* Tweet.m in Sources */ = {isa = PBXBuildFile; fileRef = BBFCC17018EA2DEB00705618 /* Tweet.m */; };
		BBFCC17518EB3D1D00705618 /* TweetCell.m in Sources */ = {isa = PBXBuildFile; fileRef = BBFCC17318EB3D1D00705618 /* TweetCell.m */; };
		BBFCC17618EB3D1D00705618 /* TweetCell.xib in Resources */ = {isa = PBXBuildFile; fileRef = BBFCC17418EB3D1D00705618 /* TweetCell.xib */; };
/* End PBXBuildFile section */

/* Begin PBXContainerItemProxy section */
		BB8700E018E8A957005A0623 /* PBXContainerItemProxy */ = {
			isa = PBXContainerItemProxy;
			containerPortal = BB8700B818E8A957005A0623 /* Project object */;
			proxyType = 1;
			remoteGlobalIDString = BB8700BF18E8A957005A0623;
			remoteInfo = twitter;
		};
/* End PBXContainerItemProxy section */

/* Begin PBXFileReference section */
		7566A6CE44074817A611A13B /* Pods.xcconfig */ = {isa = PBXFileReference; includeInIndex = 1; lastKnownFileType = text.xcconfig; name = Pods.xcconfig; path = Pods/Pods.xcconfig; sourceTree = "<group>"; };
		AFC9A25BD02B448DA146D17A /* libPods.a */ = {isa = PBXFileReference; explicitFileType = archive.ar; includeInIndex = 0; path = libPods.a; sourceTree = BUILT_PRODUCTS_DIR; };
		BB2A8EF618F46E49008778E7 /* ProfileController.h */ = {isa = PBXFileReference; fileEncoding = 4; lastKnownFileType = sourcecode.c.h; path = ProfileController.h; sourceTree = "<group>"; };
		BB2A8EF718F46E49008778E7 /* ProfileController.m */ = {isa = PBXFileReference; fileEncoding = 4; lastKnownFileType = sourcecode.c.objc; path = ProfileController.m; sourceTree = "<group>"; };
		BB2A8EF818F46E49008778E7 /* ProfileController.xib */ = {isa = PBXFileReference; fileEncoding = 4; lastKnownFileType = file.xib; path = ProfileController.xib; sourceTree = "<group>"; };
		BB39972418EB889E0095A71A /* RefreshableProtocol.h */ = {isa = PBXFileReference; lastKnownFileType = sourcecode.c.h; path = RefreshableProtocol.h; sourceTree = "<group>"; };
		BB8700C018E8A957005A0623 /* twitter.app */ = {isa = PBXFileReference; explicitFileType = wrapper.application; includeInIndex = 0; path = twitter.app; sourceTree = BUILT_PRODUCTS_DIR; };
		BB8700C318E8A957005A0623 /* Foundation.framework */ = {isa = PBXFileReference; lastKnownFileType = wrapper.framework; name = Foundation.framework; path = System/Library/Frameworks/Foundation.framework; sourceTree = SDKROOT; };
		BB8700C518E8A957005A0623 /* CoreGraphics.framework */ = {isa = PBXFileReference; lastKnownFileType = wrapper.framework; name = CoreGraphics.framework; path = System/Library/Frameworks/CoreGraphics.framework; sourceTree = SDKROOT; };
		BB8700C718E8A957005A0623 /* UIKit.framework */ = {isa = PBXFileReference; lastKnownFileType = wrapper.framework; name = UIKit.framework; path = System/Library/Frameworks/UIKit.framework; sourceTree = SDKROOT; };
		BB8700CB18E8A957005A0623 /* twitter-Info.plist */ = {isa = PBXFileReference; lastKnownFileType = text.plist.xml; path = "twitter-Info.plist"; sourceTree = "<group>"; };
		BB8700CD18E8A957005A0623 /* en */ = {isa = PBXFileReference; lastKnownFileType = text.plist.strings; name = en; path = en.lproj/InfoPlist.strings; sourceTree = "<group>"; };
		BB8700CF18E8A957005A0623 /* main.m */ = {isa = PBXFileReference; lastKnownFileType = sourcecode.c.objc; path = main.m; sourceTree = "<group>"; };
		BB8700D118E8A957005A0623 /* twitter-Prefix.pch */ = {isa = PBXFileReference; lastKnownFileType = sourcecode.c.h; path = "twitter-Prefix.pch"; sourceTree = "<group>"; };
		BB8700D218E8A957005A0623 /* AppDelegate.h */ = {isa = PBXFileReference; lastKnownFileType = sourcecode.c.h; path = AppDelegate.h; sourceTree = "<group>"; };
		BB8700D318E8A957005A0623 /* AppDelegate.m */ = {isa = PBXFileReference; lastKnownFileType = sourcecode.c.objc; path = AppDelegate.m; sourceTree = "<group>"; };
		BB8700D518E8A957005A0623 /* Images.xcassets */ = {isa = PBXFileReference; lastKnownFileType = folder.assetcatalog; path = Images.xcassets; sourceTree = "<group>"; };
		BB8700DB18E8A957005A0623 /* twitterTests.xctest */ = {isa = PBXFileReference; explicitFileType = wrapper.cfbundle; includeInIndex = 0; path = twitterTests.xctest; sourceTree = BUILT_PRODUCTS_DIR; };
		BB8700DC18E8A957005A0623 /* XCTest.framework */ = {isa = PBXFileReference; lastKnownFileType = wrapper.framework; name = XCTest.framework; path = Library/Frameworks/XCTest.framework; sourceTree = DEVELOPER_DIR; };
		BB8700E418E8A957005A0623 /* twitterTests-Info.plist */ = {isa = PBXFileReference; lastKnownFileType = text.plist.xml; path = "twitterTests-Info.plist"; sourceTree = "<group>"; };
		BB8700E618E8A957005A0623 /* en */ = {isa = PBXFileReference; lastKnownFileType = text.plist.strings; name = en; path = en.lproj/InfoPlist.strings; sourceTree = "<group>"; };
		BB8700E818E8A957005A0623 /* twitterTests.m */ = {isa = PBXFileReference; lastKnownFileType = sourcecode.c.objc; path = twitterTests.m; sourceTree = "<group>"; };
		BB8700F218E8AA1B005A0623 /* TweetsViewController.h */ = {isa = PBXFileReference; fileEncoding = 4; lastKnownFileType = sourcecode.c.h; path = TweetsViewController.h; sourceTree = "<group>"; };
		BB8700F318E8AA1B005A0623 /* TweetsViewController.m */ = {isa = PBXFileReference; fileEncoding = 4; lastKnownFileType = sourcecode.c.objc; path = TweetsViewController.m; sourceTree = "<group>"; };
		BB8700F418E8AA1B005A0623 /* TweetsViewController.xib */ = {isa = PBXFileReference; fileEncoding = 4; lastKnownFileType = file.xib; path = TweetsViewController.xib; sourceTree = "<group>"; };
		BB8700F818E8ACCB005A0623 /* TweetViewController.h */ = {isa = PBXFileReference; fileEncoding = 4; lastKnownFileType = sourcecode.c.h; path = TweetViewController.h; sourceTree = "<group>"; };
		BB8700F918E8ACCB005A0623 /* TweetViewController.m */ = {isa = PBXFileReference; fileEncoding = 4; lastKnownFileType = sourcecode.c.objc; path = TweetViewController.m; sourceTree = "<group>"; };
		BB8700FA18E8ACCB005A0623 /* TweetViewController.xib */ = {isa = PBXFileReference; fileEncoding = 4; lastKnownFileType = file.xib; path = TweetViewController.xib; sourceTree = "<group>"; };
		BB8700FD18E8ACE6005A0623 /* ComposeTweetViewController.h */ = {isa = PBXFileReference; fileEncoding = 4; lastKnownFileType = sourcecode.c.h; path = ComposeTweetViewController.h; sourceTree = "<group>"; };
		BB8700FE18E8ACE6005A0623 /* ComposeTweetViewController.m */ = {isa = PBXFileReference; fileEncoding = 4; lastKnownFileType = sourcecode.c.objc; path = ComposeTweetViewController.m; sourceTree = "<group>"; };
		BB8700FF18E8ACE6005A0623 /* ComposeTweetViewController.xib */ = {isa = PBXFileReference; fileEncoding = 4; lastKnownFileType = file.xib; path = ComposeTweetViewController.xib; sourceTree = "<group>"; };
		BB988FBE18F1DBB500614513 /* HamburgerMenuViewController.h */ = {isa = PBXFileReference; fileEncoding = 4; lastKnownFileType = sourcecode.c.h; path = HamburgerMenuViewController.h; sourceTree = "<group>"; };
		BB988FBF18F1DBB500614513 /* HamburgerMenuViewController.m */ = {isa = PBXFileReference; fileEncoding = 4; lastKnownFileType = sourcecode.c.objc; path = HamburgerMenuViewController.m; sourceTree = "<group>"; };
		BB988FC018F1DBB500614513 /* HamburgerMenuViewController.xib */ = {isa = PBXFileReference; fileEncoding = 4; lastKnownFileType = file.xib; path = HamburgerMenuViewController.xib; sourceTree = "<group>"; };
		BB988FC318F1EE0300614513 /* ProfileViewController.h */ = {isa = PBXFileReference; fileEncoding = 4; lastKnownFileType = sourcecode.c.h; path = ProfileViewController.h; sourceTree = "<group>"; };
		BB988FC418F1EE0300614513 /* ProfileViewController.m */ = {isa = PBXFileReference; fileEncoding = 4; lastKnownFileType = sourcecode.c.objc; path = ProfileViewController.m; sourceTree = "<group>"; };
		BB988FC518F1EE0300614513 /* ProfileViewController.xib */ = {isa = PBXFileReference; fileEncoding = 4; lastKnownFileType = file.xib; path = ProfileViewController.xib; sourceTree = "<group>"; };
		BBFCC16318EA02FE00705618 /* TwitterClient.h */ = {isa = PBXFileReference; fileEncoding = 4; lastKnownFileType = sourcecode.c.h; path = TwitterClient.h; sourceTree = "<group>"; };
		BBFCC16418EA02FE00705618 /* TwitterClient.m */ = {isa = PBXFileReference; fileEncoding = 4; lastKnownFileType = sourcecode.c.objc; path = TwitterClient.m; sourceTree = "<group>"; };
		BBFCC16618EA037200705618 /* LoginViewController.h */ = {isa = PBXFileReference; fileEncoding = 4; lastKnownFileType = sourcecode.c.h; path = LoginViewController.h; sourceTree = "<group>"; };
		BBFCC16718EA037200705618 /* LoginViewController.m */ = {isa = PBXFileReference; fileEncoding = 4; lastKnownFileType = sourcecode.c.objc; path = LoginViewController.m; sourceTree = "<group>"; };
		BBFCC16818EA037200705618 /* LoginViewController.xib */ = {isa = PBXFileReference; fileEncoding = 4; lastKnownFileType = file.xib; path = LoginViewController.xib; sourceTree = "<group>"; };
		BBFCC16C18EA1C4300705618 /* User.h */ = {isa = PBXFileReference; fileEncoding = 4; lastKnownFileType = sourcecode.c.h; path = User.h; sourceTree = "<group>"; };
		BBFCC16D18EA1C4300705618 /* User.m */ = {isa = PBXFileReference; fileEncoding = 4; lastKnownFileType = sourcecode.c.objc; path = User.m; sourceTree = "<group>"; };
		BBFCC16F18EA2DEB00705618 /* Tweet.h */ = {isa = PBXFileReference; fileEncoding = 4; lastKnownFileType = sourcecode.c.h; path = Tweet.h; sourceTree = "<group>"; };
		BBFCC17018EA2DEB00705618 /* Tweet.m */ = {isa = PBXFileReference; fileEncoding = 4; lastKnownFileType = sourcecode.c.objc; path = Tweet.m; sourceTree = "<group>"; };
		BBFCC17218EB3D1D00705618 /* TweetCell.h */ = {isa = PBXFileReference; fileEncoding = 4; lastKnownFileType = sourcecode.c.h; path = TweetCell.h; sourceTree = "<group>"; };
		BBFCC17318EB3D1D00705618 /* TweetCell.m */ = {isa = PBXFileReference; fileEncoding = 4; lastKnownFileType = sourcecode.c.objc; path = TweetCell.m; sourceTree = "<group>"; };
		BBFCC17418EB3D1D00705618 /* TweetCell.xib */ = {isa = PBXFileReference; fileEncoding = 4; lastKnownFileType = file.xib; path = TweetCell.xib; sourceTree = "<group>"; };
/* End PBXFileReference section */

/* Begin PBXFrameworksBuildPhase section */
		BB8700BD18E8A957005A0623 /* Frameworks */ = {
			isa = PBXFrameworksBuildPhase;
			buildActionMask = 2147483647;
			files = (
				BB8700C618E8A957005A0623 /* CoreGraphics.framework in Frameworks */,
				BB8700C818E8A957005A0623 /* UIKit.framework in Frameworks */,
				BB8700C418E8A957005A0623 /* Foundation.framework in Frameworks */,
				9D39BB324CD1429299BB9AD3 /* libPods.a in Frameworks */,
			);
			runOnlyForDeploymentPostprocessing = 0;
		};
		BB8700D818E8A957005A0623 /* Frameworks */ = {
			isa = PBXFrameworksBuildPhase;
			buildActionMask = 2147483647;
			files = (
				BB8700DD18E8A957005A0623 /* XCTest.framework in Frameworks */,
				BB8700DF18E8A957005A0623 /* UIKit.framework in Frameworks */,
				BB8700DE18E8A957005A0623 /* Foundation.framework in Frameworks */,
			);
			runOnlyForDeploymentPostprocessing = 0;
		};
/* End PBXFrameworksBuildPhase section */

/* Begin PBXGroup section */
		BB39972518EB88A40095A71A /* Protocols */ = {
			isa = PBXGroup;
			children = (
				BB39972418EB889E0095A71A /* RefreshableProtocol.h */,
			);
			name = Protocols;
			sourceTree = "<group>";
		};
		BB8700B718E8A957005A0623 = {
			isa = PBXGroup;
			children = (
				BB39972518EB88A40095A71A /* Protocols */,
				BBFCC16B18EA1C3400705618 /* Models */,
				BBFCC16218EA02EB00705618 /* API */,
				BBFCC17718EB3D2300705618 /* Views */,
				BB8700F718E8AA20005A0623 /* View Controllers */,
				BB8700C918E8A957005A0623 /* twitter */,
				BB8700E218E8A957005A0623 /* twitterTests */,
				BB8700C218E8A957005A0623 /* Frameworks */,
				BB8700C118E8A957005A0623 /* Products */,
				7566A6CE44074817A611A13B /* Pods.xcconfig */,
			);
			sourceTree = "<group>";
		};
		BB8700C118E8A957005A0623 /* Products */ = {
			isa = PBXGroup;
			children = (
				BB8700C018E8A957005A0623 /* twitter.app */,
				BB8700DB18E8A957005A0623 /* twitterTests.xctest */,
			);
			name = Products;
			sourceTree = "<group>";
		};
		BB8700C218E8A957005A0623 /* Frameworks */ = {
			isa = PBXGroup;
			children = (
				BB8700C318E8A957005A0623 /* Foundation.framework */,
				BB8700C518E8A957005A0623 /* CoreGraphics.framework */,
				BB8700C718E8A957005A0623 /* UIKit.framework */,
				BB8700DC18E8A957005A0623 /* XCTest.framework */,
				AFC9A25BD02B448DA146D17A /* libPods.a */,
			);
			name = Frameworks;
			sourceTree = "<group>";
		};
		BB8700C918E8A957005A0623 /* twitter */ = {
			isa = PBXGroup;
			children = (
				BB8700D218E8A957005A0623 /* AppDelegate.h */,
				BB8700D318E8A957005A0623 /* AppDelegate.m */,
				BB8700D518E8A957005A0623 /* Images.xcassets */,
				BB8700CA18E8A957005A0623 /* Supporting Files */,
			);
			path = twitter;
			sourceTree = "<group>";
		};
		BB8700CA18E8A957005A0623 /* Supporting Files */ = {
			isa = PBXGroup;
			children = (
				BB8700CB18E8A957005A0623 /* twitter-Info.plist */,
				BB8700CC18E8A957005A0623 /* InfoPlist.strings */,
				BB8700CF18E8A957005A0623 /* main.m */,
				BB8700D118E8A957005A0623 /* twitter-Prefix.pch */,
			);
			name = "Supporting Files";
			sourceTree = "<group>";
		};
		BB8700E218E8A957005A0623 /* twitterTests */ = {
			isa = PBXGroup;
			children = (
				BB8700E818E8A957005A0623 /* twitterTests.m */,
				BB8700E318E8A957005A0623 /* Supporting Files */,
			);
			path = twitterTests;
			sourceTree = "<group>";
		};
		BB8700E318E8A957005A0623 /* Supporting Files */ = {
			isa = PBXGroup;
			children = (
				BB8700E418E8A957005A0623 /* twitterTests-Info.plist */,
				BB8700E518E8A957005A0623 /* InfoPlist.strings */,
			);
			name = "Supporting Files";
			sourceTree = "<group>";
		};
		BB8700F718E8AA20005A0623 /* View Controllers */ = {
			isa = PBXGroup;
			children = (
				BB8700F218E8AA1B005A0623 /* TweetsViewController.h */,
				BB8700F318E8AA1B005A0623 /* TweetsViewController.m */,
				BB8700F418E8AA1B005A0623 /* TweetsViewController.xib */,
				BB8700F818E8ACCB005A0623 /* TweetViewController.h */,
				BB8700F918E8ACCB005A0623 /* TweetViewController.m */,
				BB8700FA18E8ACCB005A0623 /* TweetViewController.xib */,
				BB8700FD18E8ACE6005A0623 /* ComposeTweetViewController.h */,
				BB8700FE18E8ACE6005A0623 /* ComposeTweetViewController.m */,
				BB8700FF18E8ACE6005A0623 /* ComposeTweetViewController.xib */,
				BBFCC16618EA037200705618 /* LoginViewController.h */,
				BBFCC16718EA037200705618 /* LoginViewController.m */,
				BBFCC16818EA037200705618 /* LoginViewController.xib */,
				BB988FBE18F1DBB500614513 /* HamburgerMenuViewController.h */,
				BB988FBF18F1DBB500614513 /* HamburgerMenuViewController.m */,
				BB988FC018F1DBB500614513 /* HamburgerMenuViewController.xib */,
				BB988FC318F1EE0300614513 /* ProfileViewController.h */,
				BB988FC418F1EE0300614513 /* ProfileViewController.m */,
				BB988FC518F1EE0300614513 /* ProfileViewController.xib */,
				BB2A8EF618F46E49008778E7 /* ProfileController.h */,
				BB2A8EF718F46E49008778E7 /* ProfileController.m */,
				BB2A8EF818F46E49008778E7 /* ProfileController.xib */,
			);
			name = "View Controllers";
			sourceTree = "<group>";
		};
		BBFCC16218EA02EB00705618 /* API */ = {
			isa = PBXGroup;
			children = (
				BBFCC16318EA02FE00705618 /* TwitterClient.h */,
				BBFCC16418EA02FE00705618 /* TwitterClient.m */,
			);
			name = API;
			sourceTree = "<group>";
		};
		BBFCC16B18EA1C3400705618 /* Models */ = {
			isa = PBXGroup;
			children = (
				BBFCC16C18EA1C4300705618 /* User.h */,
				BBFCC16D18EA1C4300705618 /* User.m */,
				BBFCC16F18EA2DEB00705618 /* Tweet.h */,
				BBFCC17018EA2DEB00705618 /* Tweet.m */,
			);
			name = Models;
			sourceTree = "<group>";
		};
		BBFCC17718EB3D2300705618 /* Views */ = {
			isa = PBXGroup;
			children = (
				BBFCC17218EB3D1D00705618 /* TweetCell.h */,
				BBFCC17318EB3D1D00705618 /* TweetCell.m */,
				BBFCC17418EB3D1D00705618 /* TweetCell.xib */,
			);
			name = Views;
			sourceTree = "<group>";
		};
/* End PBXGroup section */

/* Begin PBXNativeTarget section */
		BB8700BF18E8A957005A0623 /* twitter */ = {
			isa = PBXNativeTarget;
			buildConfigurationList = BB8700EC18E8A957005A0623 /* Build configuration list for PBXNativeTarget "twitter" */;
			buildPhases = (
				5AEC90FCC26B42D8B6CC510D /* Check Pods Manifest.lock */,
				BB8700BC18E8A957005A0623 /* Sources */,
				BB8700BD18E8A957005A0623 /* Frameworks */,
				BB8700BE18E8A957005A0623 /* Resources */,
				22560345509B4FF188FC05F5 /* Copy Pods Resources */,
			);
			buildRules = (
			);
			dependencies = (
			);
			name = twitter;
			productName = twitter;
			productReference = BB8700C018E8A957005A0623 /* twitter.app */;
			productType = "com.apple.product-type.application";
		};
		BB8700DA18E8A957005A0623 /* twitterTests */ = {
			isa = PBXNativeTarget;
			buildConfigurationList = BB8700EF18E8A957005A0623 /* Build configuration list for PBXNativeTarget "twitterTests" */;
			buildPhases = (
				BB8700D718E8A957005A0623 /* Sources */,
				BB8700D818E8A957005A0623 /* Frameworks */,
				BB8700D918E8A957005A0623 /* Resources */,
			);
			buildRules = (
			);
			dependencies = (
				BB8700E118E8A957005A0623 /* PBXTargetDependency */,
			);
			name = twitterTests;
			productName = twitterTests;
			productReference = BB8700DB18E8A957005A0623 /* twitterTests.xctest */;
			productType = "com.apple.product-type.bundle.unit-test";
		};
/* End PBXNativeTarget section */

/* Begin PBXProject section */
		BB8700B818E8A957005A0623 /* Project object */ = {
			isa = PBXProject;
			attributes = {
				LastUpgradeCheck = 0510;
				ORGANIZATIONNAME = "Anthony Sherbondy";
				TargetAttributes = {
					BB8700DA18E8A957005A0623 = {
						TestTargetID = BB8700BF18E8A957005A0623;
					};
				};
			};
			buildConfigurationList = BB8700BB18E8A957005A0623 /* Build configuration list for PBXProject "twitter" */;
			compatibilityVersion = "Xcode 3.2";
			developmentRegion = English;
			hasScannedForEncodings = 0;
			knownRegions = (
				en,
			);
			mainGroup = BB8700B718E8A957005A0623;
			productRefGroup = BB8700C118E8A957005A0623 /* Products */;
			projectDirPath = "";
			projectRoot = "";
			targets = (
				BB8700BF18E8A957005A0623 /* twitter */,
				BB8700DA18E8A957005A0623 /* twitterTests */,
			);
		};
/* End PBXProject section */

/* Begin PBXResourcesBuildPhase section */
		BB8700BE18E8A957005A0623 /* Resources */ = {
			isa = PBXResourcesBuildPhase;
			buildActionMask = 2147483647;
			files = (
				BB988FC718F1EE0300614513 /* ProfileViewController.xib in Resources */,
				BB87010118E8ACE6005A0623 /* ComposeTweetViewController.xib in Resources */,
				BB988FC218F1DBB500614513 /* HamburgerMenuViewController.xib in Resources */,
				BB8700FC18E8ACCB005A0623 /* TweetViewController.xib in Resources */,
				BBFCC16A18EA037200705618 /* LoginViewController.xib in Resources */,
				BB2A8EFA18F46E49008778E7 /* ProfileController.xib in Resources */,
				BBFCC17618EB3D1D00705618 /* TweetCell.xib in Resources */,
				BB8700F618E8AA1B005A0623 /* TweetsViewController.xib in Resources */,
				BB8700CE18E8A957005A0623 /* InfoPlist.strings in Resources */,
				BB8700D618E8A957005A0623 /* Images.xcassets in Resources */,
			);
			runOnlyForDeploymentPostprocessing = 0;
		};
		BB8700D918E8A957005A0623 /* Resources */ = {
			isa = PBXResourcesBuildPhase;
			buildActionMask = 2147483647;
			files = (
				BB8700E718E8A957005A0623 /* InfoPlist.strings in Resources */,
			);
			runOnlyForDeploymentPostprocessing = 0;
		};
/* End PBXResourcesBuildPhase section */

/* Begin PBXShellScriptBuildPhase section */
		22560345509B4FF188FC05F5 /* Copy Pods Resources */ = {
			isa = PBXShellScriptBuildPhase;
			buildActionMask = 2147483647;
			files = (
			);
			inputPaths = (
			);
			name = "Copy Pods Resources";
			outputPaths = (
			);
			runOnlyForDeploymentPostprocessing = 0;
			shellPath = /bin/sh;
			shellScript = "\"${SRCROOT}/Pods/Pods-resources.sh\"\n";
			showEnvVarsInLog = 0;
		};
		5AEC90FCC26B42D8B6CC510D /* Check Pods Manifest.lock */ = {
			isa = PBXShellScriptBuildPhase;
			buildActionMask = 2147483647;
			files = (
			);
			inputPaths = (
			);
			name = "Check Pods Manifest.lock";
			outputPaths = (
			);
			runOnlyForDeploymentPostprocessing = 0;
			shellPath = /bin/sh;
			shellScript = "diff \"${PODS_ROOT}/../Podfile.lock\" \"${PODS_ROOT}/Manifest.lock\" > /dev/null\nif [[ $? != 0 ]] ; then\n    cat << EOM\nerror: The sandbox is not in sync with the Podfile.lock. Run 'pod install' or update your CocoaPods installation.\nEOM\n    exit 1\nfi\n";
			showEnvVarsInLog = 0;
		};
/* End PBXShellScriptBuildPhase section */

/* Begin PBXSourcesBuildPhase section */
		BB8700BC18E8A957005A0623 /* Sources */ = {
			isa = PBXSourcesBuildPhase;
			buildActionMask = 2147483647;
			files = (
				BBFCC17118EA2DEB00705618 /* Tweet.m in Sources */,
				BBFCC16E18EA1C4300705618 /* User.m in Sources */,
				BB8700FB18E8ACCB005A0623 /* TweetViewController.m in Sources */,
				BBFCC17518EB3D1D00705618 /* TweetCell.m in Sources */,
				BB2A8EF918F46E49008778E7 /* ProfileController.m in Sources */,
				BB8700D418E8A957005A0623 /* AppDelegate.m in Sources */,
				BB8700D018E8A957005A0623 /* main.m in Sources */,
				BB988FC118F1DBB500614513 /* HamburgerMenuViewController.m in Sources */,
				BB87010018E8ACE6005A0623 /* ComposeTweetViewController.m in Sources */,
				BBFCC16918EA037200705618 /* LoginViewController.m in Sources */,
				BBFCC16518EA02FE00705618 /* TwitterClient.m in Sources */,
				BB988FC618F1EE0300614513 /* ProfileViewController.m in Sources */,
				BB8700F518E8AA1B005A0623 /* TweetsViewController.m in Sources */,
			);
			runOnlyForDeploymentPostprocessing = 0;
		};
		BB8700D718E8A957005A0623 /* Sources */ = {
			isa = PBXSourcesBuildPhase;
			buildActionMask = 2147483647;
			files = (
				BB8700E918E8A957005A0623 /* twitterTests.m in Sources */,
			);
			runOnlyForDeploymentPostprocessing = 0;
		};
/* End PBXSourcesBuildPhase section */

/* Begin PBXTargetDependency section */
		BB8700E118E8A957005A0623 /* PBXTargetDependency */ = {
			isa = PBXTargetDependency;
			target = BB8700BF18E8A957005A0623 /* twitter */;
			targetProxy = BB8700E018E8A957005A0623 /* PBXContainerItemProxy */;
		};
/* End PBXTargetDependency section */

/* Begin PBXVariantGroup section */
		BB8700CC18E8A957005A0623 /* InfoPlist.strings */ = {
			isa = PBXVariantGroup;
			children = (
				BB8700CD18E8A957005A0623 /* en */,
			);
			name = InfoPlist.strings;
			sourceTree = "<group>";
		};
		BB8700E518E8A957005A0623 /* InfoPlist.strings */ = {
			isa = PBXVariantGroup;
			children = (
				BB8700E618E8A957005A0623 /* en */,
			);
			name = InfoPlist.strings;
			sourceTree = "<group>";
		};
/* End PBXVariantGroup section */

/* Begin XCBuildConfiguration section */
		BB8700EA18E8A957005A0623 /* Debug */ = {
			isa = XCBuildConfiguration;
			buildSettings = {
				ALWAYS_SEARCH_USER_PATHS = NO;
				CLANG_CXX_LANGUAGE_STANDARD = "gnu++0x";
				CLANG_CXX_LIBRARY = "libc++";
				CLANG_ENABLE_MODULES = YES;
				CLANG_ENABLE_OBJC_ARC = YES;
				CLANG_WARN_BOOL_CONVERSION = YES;
				CLANG_WARN_CONSTANT_CONVERSION = YES;
				CLANG_WARN_DIRECT_OBJC_ISA_USAGE = YES_ERROR;
				CLANG_WARN_EMPTY_BODY = YES;
				CLANG_WARN_ENUM_CONVERSION = YES;
				CLANG_WARN_INT_CONVERSION = YES;
				CLANG_WARN_OBJC_ROOT_CLASS = YES_ERROR;
				CLANG_WARN__DUPLICATE_METHOD_MATCH = YES;
				"CODE_SIGN_IDENTITY[sdk=iphoneos*]" = "iPhone Developer";
				COPY_PHASE_STRIP = NO;
				GCC_C_LANGUAGE_STANDARD = gnu99;
				GCC_DYNAMIC_NO_PIC = NO;
				GCC_OPTIMIZATION_LEVEL = 0;
				GCC_PREPROCESSOR_DEFINITIONS = (
					"DEBUG=1",
					"$(inherited)",
				);
				GCC_SYMBOLS_PRIVATE_EXTERN = NO;
				GCC_WARN_64_TO_32_BIT_CONVERSION = YES;
				GCC_WARN_ABOUT_RETURN_TYPE = YES_ERROR;
				GCC_WARN_UNDECLARED_SELECTOR = YES;
				GCC_WARN_UNINITIALIZED_AUTOS = YES_AGGRESSIVE;
				GCC_WARN_UNUSED_FUNCTION = YES;
				GCC_WARN_UNUSED_VARIABLE = YES;
				IPHONEOS_DEPLOYMENT_TARGET = 7.1;
				ONLY_ACTIVE_ARCH = YES;
				SDKROOT = iphoneos;
			};
			name = Debug;
		};
		BB8700EB18E8A957005A0623 /* Release */ = {
			isa = XCBuildConfiguration;
			buildSettings = {
				ALWAYS_SEARCH_USER_PATHS = NO;
				CLANG_CXX_LANGUAGE_STANDARD = "gnu++0x";
				CLANG_CXX_LIBRARY = "libc++";
				CLANG_ENABLE_MODULES = YES;
				CLANG_ENABLE_OBJC_ARC = YES;
				CLANG_WARN_BOOL_CONVERSION = YES;
				CLANG_WARN_CONSTANT_CONVERSION = YES;
				CLANG_WARN_DIRECT_OBJC_ISA_USAGE = YES_ERROR;
				CLANG_WARN_EMPTY_BODY = YES;
				CLANG_WARN_ENUM_CONVERSION = YES;
				CLANG_WARN_INT_CONVERSION = YES;
				CLANG_WARN_OBJC_ROOT_CLASS = YES_ERROR;
				CLANG_WARN__DUPLICATE_METHOD_MATCH = YES;
				"CODE_SIGN_IDENTITY[sdk=iphoneos*]" = "iPhone Developer";
				COPY_PHASE_STRIP = YES;
				ENABLE_NS_ASSERTIONS = NO;
				GCC_C_LANGUAGE_STANDARD = gnu99;
				GCC_WARN_64_TO_32_BIT_CONVERSION = YES;
				GCC_WARN_ABOUT_RETURN_TYPE = YES_ERROR;
				GCC_WARN_UNDECLARED_SELECTOR = YES;
				GCC_WARN_UNINITIALIZED_AUTOS = YES_AGGRESSIVE;
				GCC_WARN_UNUSED_FUNCTION = YES;
				GCC_WARN_UNUSED_VARIABLE = YES;
				IPHONEOS_DEPLOYMENT_TARGET = 7.1;
				SDKROOT = iphoneos;
				VALIDATE_PRODUCT = YES;
			};
			name = Release;
		};
		BB8700ED18E8A957005A0623 /* Debug */ = {
			isa = XCBuildConfiguration;
			baseConfigurationReference = 7566A6CE44074817A611A13B /* Pods.xcconfig */;
			buildSettings = {
				ASSETCATALOG_COMPILER_APPICON_NAME = AppIcon;
				ASSETCATALOG_COMPILER_LAUNCHIMAGE_NAME = LaunchImage;
				GCC_PRECOMPILE_PREFIX_HEADER = YES;
				GCC_PREFIX_HEADER = "twitter/twitter-Prefix.pch";
				INFOPLIST_FILE = "twitter/twitter-Info.plist";
				PRODUCT_NAME = "$(TARGET_NAME)";
				WRAPPER_EXTENSION = app;
			};
			name = Debug;
		};
		BB8700EE18E8A957005A0623 /* Release */ = {
			isa = XCBuildConfiguration;
			baseConfigurationReference = 7566A6CE44074817A611A13B /* Pods.xcconfig */;
			buildSettings = {
				ASSETCATALOG_COMPILER_APPICON_NAME = AppIcon;
				ASSETCATALOG_COMPILER_LAUNCHIMAGE_NAME = LaunchImage;
				GCC_PRECOMPILE_PREFIX_HEADER = YES;
				GCC_PREFIX_HEADER = "twitter/twitter-Prefix.pch";
				INFOPLIST_FILE = "twitter/twitter-Info.plist";
				PRODUCT_NAME = "$(TARGET_NAME)";
				WRAPPER_EXTENSION = app;
			};
			name = Release;
		};
		BB8700F018E8A957005A0623 /* Debug */ = {
			isa = XCBuildConfiguration;
			buildSettings = {
				BUNDLE_LOADER = "$(BUILT_PRODUCTS_DIR)/twitter.app/twitter";
				FRAMEWORK_SEARCH_PATHS = (
					"$(SDKROOT)/Developer/Library/Frameworks",
					"$(inherited)",
					"$(DEVELOPER_FRAMEWORKS_DIR)",
				);
				GCC_PRECOMPILE_PREFIX_HEADER = YES;
				GCC_PREFIX_HEADER = "twitter/twitter-Prefix.pch";
				GCC_PREPROCESSOR_DEFINITIONS = (
					"DEBUG=1",
					"$(inherited)",
				);
				INFOPLIST_FILE = "twitterTests/twitterTests-Info.plist";
				PRODUCT_NAME = "$(TARGET_NAME)";
				TEST_HOST = "$(BUNDLE_LOADER)";
				WRAPPER_EXTENSION = xctest;
			};
			name = Debug;
		};
		BB8700F118E8A957005A0623 /* Release */ = {
			isa = XCBuildConfiguration;
			buildSettings = {
				BUNDLE_LOADER = "$(BUILT_PRODUCTS_DIR)/twitter.app/twitter";
				FRAMEWORK_SEARCH_PATHS = (
					"$(SDKROOT)/Developer/Library/Frameworks",
					"$(inherited)",
					"$(DEVELOPER_FRAMEWORKS_DIR)",
				);
				GCC_PRECOMPILE_PREFIX_HEADER = YES;
				GCC_PREFIX_HEADER = "twitter/twitter-Prefix.pch";
				INFOPLIST_FILE = "twitterTests/twitterTests-Info.plist";
				PRODUCT_NAME = "$(TARGET_NAME)";
				TEST_HOST = "$(BUNDLE_LOADER)";
				WRAPPER_EXTENSION = xctest;
			};
			name = Release;
		};
/* End XCBuildConfiguration section */

/* Begin XCConfigurationList section */
		BB8700BB18E8A957005A0623 /* Build configuration list for PBXProject "twitter" */ = {
			isa = XCConfigurationList;
			buildConfigurations = (
				BB8700EA18E8A957005A0623 /* Debug */,
				BB8700EB18E8A957005A0623 /* Release */,
			);
			defaultConfigurationIsVisible = 0;
			defaultConfigurationName = Release;
		};
		BB8700EC18E8A957005A0623 /* Build configuration list for PBXNativeTarget "twitter" */ = {
			isa = XCConfigurationList;
			buildConfigurations = (
				BB8700ED18E8A957005A0623 /* Debug */,
				BB8700EE18E8A957005A0623 /* Release */,
			);
			defaultConfigurationIsVisible = 0;
			defaultConfigurationName = Release;
		};
		BB8700EF18E8A957005A0623 /* Build configuration list for PBXNativeTarget "twitterTests" */ = {
			isa = XCConfigurationList;
			buildConfigurations = (
				BB8700F018E8A957005A0623 /* Debug */,
				BB8700F118E8A957005A0623 /* Release */,
			);
			defaultConfigurationIsVisible = 0;
			defaultConfigurationName = Release;
		};
/* End XCConfigurationList section */
	};
	rootObject = BB8700B818E8A957005A0623 /* Project object */;
}
